
Microsoft Visual Studio Solution File, Format Version 12.00
# Visual Studio 15
VisualStudioVersion = 15.0.28307.757
MinimumVisualStudioVersion = 10.0.40219.1
Project("{2150E333-8FDC-42A3-9474-1A3956D46DE8}") = "Domain", "Domain", "{83996CFF-3185-4CE0-A607-5259F33E5187}"
EndProject
Project("{2150E333-8FDC-42A3-9474-1A3956D46DE8}") = "Infrastructure", "Infrastructure", "{DF259241-3A06-4A21-A5FF-AEE9DFB296D4}"
EndProject
Project("{2150E333-8FDC-42A3-9474-1A3956D46DE8}") = "Service", "Service", "{45ACFAC5-3F32-4E2D-9FC3-0C3DA7CD8617}"
EndProject
Project("{2150E333-8FDC-42A3-9474-1A3956D46DE8}") = "Application", "Application", "{E6BCBD0A-CA1E-4A16-ABF1-7F9A965E32B7}"
EndProject
Project("{FAE04EC0-301F-11D3-BF4B-00C04F79EFBC}") = "Domain.WishList", "WishList\Domain.WishList.csproj", "{E6F3F9D4-8680-4B15-A892-C3F117E6787A}"
EndProject
Project("{FAE04EC0-301F-11D3-BF4B-00C04F79EFBC}") = "Infra.Repository.WishList", "Infra.WishList\Infra.Repository.WishList.csproj", "{4F86B14E-C708-4D5B-ABFB-22470B4154C6}"
EndProject
Project("{2150E333-8FDC-42A3-9474-1A3956D46DE8}") = "Data", "Data", "{0A40AC95-81D8-4A10-8C37-0574B6EE50C3}"
EndProject
Project("{FAE04EC0-301F-11D3-BF4B-00C04F79EFBC}") = "Infra.Database.WishList", "Infra.Data.WishList\Infra.Database.WishList.csproj", "{7C7B8C23-06FB-467C-B4E2-158A607F283A}"
EndProject
Project("{2150E333-8FDC-42A3-9474-1A3956D46DE8}") = "Repository", "Repository", "{5FAADAEE-F170-4AF7-A8D2-BFC71715C4BF}"
EndProject
Project("{FAE04EC0-301F-11D3-BF4B-00C04F79EFBC}") = "Service.WishList", "Service.WishList\Service.WishList.csproj", "{19241D2F-811C-4908-A524-2613469CD4C3}"
EndProject
Project("{2150E333-8FDC-42A3-9474-1A3956D46DE8}") = "CrossCutting", "CrossCutting", "{90D94310-A0DC-4FA1-94FD-72A996A93A1E}"
EndProject
Project("{FAE04EC0-301F-11D3-BF4B-00C04F79EFBC}") = "CrossCutting.Pagination", "Pagination\CrossCutting.Pagination.csproj", "{4935108A-C2A0-44B8-BDB8-50A33C942729}"
EndProject
Project("{2150E333-8FDC-42A3-9474-1A3956D46DE8}") = "Test", "Test", "{4FE58925-0B88-428C-9B48-B65377A9B3F5}"
EndProject
Project("{FAE04EC0-301F-11D3-BF4B-00C04F79EFBC}") = "UnitTestWishList", "UnitTestWishList\UnitTestWishList.csproj", "{153D54E5-E6E1-4FFE-99DD-E0E1E4A9E2E4}"
EndProject
Project("{FAE04EC0-301F-11D3-BF4B-00C04F79EFBC}") = "WishListWebApi", "WishListWebApi\WishListWebApi.csproj", "{C5C18F8A-0939-4CB7-839C-50DE2F55BB10}"
EndProject
Project("{FAE04EC0-301F-11D3-BF4B-00C04F79EFBC}") = "Infra.Data.Interfaces", "Infra.Data.Interfaces\Infra.Data.Interfaces.csproj", "{CE4D324A-2630-4078-8935-5951ED42161B}"
EndProject
Global
	GlobalSection(SolutionConfigurationPlatforms) = preSolution
		Debug|Any CPU = Debug|Any CPU
		Release|Any CPU = Release|Any CPU
	EndGlobalSection
	GlobalSection(ProjectConfigurationPlatforms) = postSolution
		{E6F3F9D4-8680-4B15-A892-C3F117E6787A}.Debug|Any CPU.ActiveCfg = Debug|Any CPU
		{E6F3F9D4-8680-4B15-A892-C3F117E6787A}.Debug|Any CPU.Build.0 = Debug|Any CPU
		{E6F3F9D4-8680-4B15-A892-C3F117E6787A}.Release|Any CPU.ActiveCfg = Release|Any CPU
		{E6F3F9D4-8680-4B15-A892-C3F117E6787A}.Release|Any CPU.Build.0 = Release|Any CPU
		{4F86B14E-C708-4D5B-ABFB-22470B4154C6}.Debug|Any CPU.ActiveCfg = Debug|Any CPU
		{4F86B14E-C708-4D5B-ABFB-22470B4154C6}.Debug|Any CPU.Build.0 = Debug|Any CPU
		{4F86B14E-C708-4D5B-ABFB-22470B4154C6}.Release|Any CPU.ActiveCfg = Release|Any CPU
		{4F86B14E-C708-4D5B-ABFB-22470B4154C6}.Release|Any CPU.Build.0 = Release|Any CPU
		{7C7B8C23-06FB-467C-B4E2-158A607F283A}.Debug|Any CPU.ActiveCfg = Debug|Any CPU
		{7C7B8C23-06FB-467C-B4E2-158A607F283A}.Debug|Any CPU.Build.0 = Debug|Any CPU
		{7C7B8C23-06FB-467C-B4E2-158A607F283A}.Release|Any CPU.ActiveCfg = Release|Any CPU
		{7C7B8C23-06FB-467C-B4E2-158A607F283A}.Release|Any CPU.Build.0 = Release|Any CPU
		{19241D2F-811C-4908-A524-2613469CD4C3}.Debug|Any CPU.ActiveCfg = Debug|Any CPU
		{19241D2F-811C-4908-A524-2613469CD4C3}.Debug|Any CPU.Build.0 = Debug|Any CPU
		{19241D2F-811C-4908-A524-2613469CD4C3}.Release|Any CPU.ActiveCfg = Release|Any CPU
		{19241D2F-811C-4908-A524-2613469CD4C3}.Release|Any CPU.Build.0 = Release|Any CPU
		{4935108A-C2A0-44B8-BDB8-50A33C942729}.Debug|Any CPU.ActiveCfg = Debug|Any CPU
		{4935108A-C2A0-44B8-BDB8-50A33C942729}.Debug|Any CPU.Build.0 = Debug|Any CPU
		{4935108A-C2A0-44B8-BDB8-50A33C942729}.Release|Any CPU.ActiveCfg = Release|Any CPU
		{4935108A-C2A0-44B8-BDB8-50A33C942729}.Release|Any CPU.Build.0 = Release|Any CPU
		{153D54E5-E6E1-4FFE-99DD-E0E1E4A9E2E4}.Debug|Any CPU.ActiveCfg = Debug|Any CPU
		{153D54E5-E6E1-4FFE-99DD-E0E1E4A9E2E4}.Debug|Any CPU.Build.0 = Debug|Any CPU
		{153D54E5-E6E1-4FFE-99DD-E0E1E4A9E2E4}.Release|Any CPU.ActiveCfg = Release|Any CPU
		{153D54E5-E6E1-4FFE-99DD-E0E1E4A9E2E4}.Release|Any CPU.Build.0 = Release|Any CPU
		{C5C18F8A-0939-4CB7-839C-50DE2F55BB10}.Debug|Any CPU.ActiveCfg = Debug|Any CPU
		{C5C18F8A-0939-4CB7-839C-50DE2F55BB10}.Debug|Any CPU.Build.0 = Debug|Any CPU
		{C5C18F8A-0939-4CB7-839C-50DE2F55BB10}.Release|Any CPU.ActiveCfg = Release|Any CPU
		{C5C18F8A-0939-4CB7-839C-50DE2F55BB10}.Release|Any CPU.Build.0 = Release|Any CPU
		{CE4D324A-2630-4078-8935-5951ED42161B}.Debug|Any CPU.ActiveCfg = Debug|Any CPU
		{CE4D324A-2630-4078-8935-5951ED42161B}.Debug|Any CPU.Build.0 = Debug|Any CPU
		{CE4D324A-2630-4078-8935-5951ED42161B}.Release|Any CPU.ActiveCfg = Release|Any CPU
		{CE4D324A-2630-4078-8935-5951ED42161B}.Release|Any CPU.Build.0 = Release|Any CPU
	EndGlobalSection
	GlobalSection(SolutionProperties) = preSolution
		HideSolutionNode = FALSE
	EndGlobalSection
	GlobalSection(NestedProjects) = preSolution
		{E6F3F9D4-8680-4B15-A892-C3F117E6787A} = {83996CFF-3185-4CE0-A607-5259F33E5187}
		{4F86B14E-C708-4D5B-ABFB-22470B4154C6} = {5FAADAEE-F170-4AF7-A8D2-BFC71715C4BF}
		{0A40AC95-81D8-4A10-8C37-0574B6EE50C3} = {DF259241-3A06-4A21-A5FF-AEE9DFB296D4}
		{7C7B8C23-06FB-467C-B4E2-158A607F283A} = {0A40AC95-81D8-4A10-8C37-0574B6EE50C3}
		{5FAADAEE-F170-4AF7-A8D2-BFC71715C4BF} = {DF259241-3A06-4A21-A5FF-AEE9DFB296D4}
		{19241D2F-811C-4908-A524-2613469CD4C3} = {45ACFAC5-3F32-4E2D-9FC3-0C3DA7CD8617}
		{90D94310-A0DC-4FA1-94FD-72A996A93A1E} = {DF259241-3A06-4A21-A5FF-AEE9DFB296D4}
		{4935108A-C2A0-44B8-BDB8-50A33C942729} = {90D94310-A0DC-4FA1-94FD-72A996A93A1E}
		{153D54E5-E6E1-4FFE-99DD-E0E1E4A9E2E4} = {4FE58925-0B88-428C-9B48-B65377A9B3F5}
		{C5C18F8A-0939-4CB7-839C-50DE2F55BB10} = {E6BCBD0A-CA1E-4A16-ABF1-7F9A965E32B7}
		{CE4D324A-2630-4078-8935-5951ED42161B} = {0A40AC95-81D8-4A10-8C37-0574B6EE50C3}
	EndGlobalSection
	GlobalSection(ExtensibilityGlobals) = postSolution
		SolutionGuid = {B982A3E5-121C-454C-B0F8-6281AD7371A0}
	EndGlobalSection
EndGlobal
